{
  "name": "rescript-blurhash",
  "version": "0.3.1",
  "lockfileVersion": 1,
  "requires": true,
  "dependencies": {
    "bs-platform": {
      "version": "8.3.1",
      "resolved": "https://registry.npmjs.org/bs-platform/-/bs-platform-8.3.1.tgz",
      "integrity": "sha512-U7nKEGF1BfvODzcv1g2loeltE8YRCgX8mMlCojImsgI0HwfQKEq7ggO5dF1ae9ZfFxiLaI0069ZyoK5GLBO2OQ==",
      "dev": true
    },
    "esbuild": {
      "version": "0.7.19",
      "resolved": "https://registry.npmjs.org/esbuild/-/esbuild-0.7.19.tgz",
      "integrity": "sha512-0Ur8ZtuRPwJMj4+VjRLqn5z88WXf+2etZhe4dBA6eYFcdviQefb+Vrd59cTk0VXg08NU/BnAMkalCMHI8lig/A==",
      "dev": true
    }
  }
}
